
Microsoft Visual Studio Solution File, Format Version 12.00
# Visual Studio Version 16
VisualStudioVersion = 16.0.30611.23
MinimumVisualStudioVersion = 10.0.40219.1
Project("{9A19103F-16F7-4668-BE54-9A1E7A4F7556}") = "CustomerAPI", "CustomerAPI\CustomerAPI.csproj", "{FBD08E26-52F8-45E6-8830-F0921AE1F7BA}"
EndProject
Project("{FAE04EC0-301F-11D3-BF4B-00C04F79EFBC}") = "test1", "test1\test1.csproj", "{ED45B06F-8DD7-4C99-B2CD-E121CA86A146}"
EndProject
Global
	GlobalSection(SolutionConfigurationPlatforms) = preSolution
		Debug|Any CPU = Debug|Any CPU
		Release|Any CPU = Release|Any CPU
	EndGlobalSection
	GlobalSection(ProjectConfigurationPlatforms) = postSolution
		{FBD08E26-52F8-45E6-8830-F0921AE1F7BA}.Debug|Any CPU.ActiveCfg = Debug|Any CPU
		{FBD08E26-52F8-45E6-8830-F0921AE1F7BA}.Debug|Any CPU.Build.0 = Debug|Any CPU
		{FBD08E26-52F8-45E6-8830-F0921AE1F7BA}.Release|Any CPU.ActiveCfg = Release|Any CPU
		{FBD08E26-52F8-45E6-8830-F0921AE1F7BA}.Release|Any CPU.Build.0 = Release|Any CPU
		{ED45B06F-8DD7-4C99-B2CD-E121CA86A146}.Debug|Any CPU.ActiveCfg = Debug|Any CPU
		{ED45B06F-8DD7-4C99-B2CD-E121CA86A146}.Debug|Any CPU.Build.0 = Debug|Any CPU
		{ED45B06F-8DD7-4C99-B2CD-E121CA86A146}.Release|Any CPU.ActiveCfg = Release|Any CPU
		{ED45B06F-8DD7-4C99-B2CD-E121CA86A146}.Release|Any CPU.Build.0 = Release|Any CPU
	EndGlobalSection
	GlobalSection(SolutionProperties) = preSolution
		HideSolutionNode = FALSE
	EndGlobalSection
	GlobalSection(ExtensibilityGlobals) = postSolution
		SolutionGuid = {92BF1262-AA36-47DD-BC9A-18B981D3B38B}
	EndGlobalSection
EndGlobal
